
Microsoft Visual Studio Solution File, Format Version 12.00
# Visual Studio Version 17
VisualStudioVersion = 17.0.31903.59
MinimumVisualStudioVersion = 10.0.40219.1
Project("{FAE04EC0-301F-11D3-BF4B-00C04F79EFBC}") = "Buddy.Api", "Buddy.Api\Buddy.Api.csproj", "{703FB138-784D-44F3-9641-902E1B9D0042}"
EndProject
Global
	GlobalSection(SolutionConfigurationPlatforms) = preSolution
		Debug|Any CPU = Debug|Any CPU
		Release|Any CPU = Release|Any CPU
	EndGlobalSection
	GlobalSection(SolutionProperties) = preSolution
		HideSolutionNode = FALSE
	EndGlobalSection
	GlobalSection(ProjectConfigurationPlatforms) = postSolution
		{703FB138-784D-44F3-9641-902E1B9D0042}.Debug|Any CPU.ActiveCfg = Debug|Any CPU
		{703FB138-784D-44F3-9641-902E1B9D0042}.Debug|Any CPU.Build.0 = Debug|Any CPU
		{703FB138-784D-44F3-9641-902E1B9D0042}.Release|Any CPU.ActiveCfg = Release|Any CPU
		{703FB138-784D-44F3-9641-902E1B9D0042}.Release|Any CPU.Build.0 = Release|Any CPU
	EndGlobalSection
EndGlobal
